
Microsoft Visual Studio Solution File, Format Version 12.00
# Visual Studio Version 17
VisualStudioVersion = 17.13.35913.81 d17.13
MinimumVisualStudioVersion = 10.0.40219.1
Project("{FAE04EC0-301F-11D3-BF4B-00C04F79EFBC}") = "FileService.Api", "FileService.Api\FileService.Api.csproj", "{8945E865-64EA-4FE4-B885-67334CE4F65D}"
EndProject
Project("{2150E333-8FDC-42A3-9474-1A3956D46DE8}") = "src", "src", "{02EA681E-C7D8-13C7-8484-4AC65E1B71E8}"
EndProject
Project("{2150E333-8FDC-42A3-9474-1A3956D46DE8}") = "tests", "tests", "{9BF8B76B-DFAD-4CD6-8ABB-9ECAE55D72B2}"
EndProject
Project("{FAE04EC0-301F-11D3-BF4B-00C04F79EFBC}") = "FileService.Core", "FileService.Core\FileService.Core.csproj", "{B3C81A7B-D4A1-4F0D-8207-75AD2DA0DFE7}"
EndProject
Project("{FAE04EC0-301F-11D3-BF4B-00C04F79EFBC}") = "FileService.DataAccess", "FileService.DataAccess\FileService.DataAccess.csproj", "{03E694FD-F2A5-450E-AE57-E33C2EA7118B}"
EndProject
Project("{FAE04EC0-301F-11D3-BF4B-00C04F79EFBC}") = "FileService.Service", "FileService.Service\FileService.Service.csproj", "{E407C35B-97EF-410F-9F8B-FEB3F7A65E23}"
EndProject
Global
	GlobalSection(SolutionConfigurationPlatforms) = preSolution
		Debug|Any CPU = Debug|Any CPU
		Release|Any CPU = Release|Any CPU
	EndGlobalSection
	GlobalSection(ProjectConfigurationPlatforms) = postSolution
		{8945E865-64EA-4FE4-B885-67334CE4F65D}.Debug|Any CPU.ActiveCfg = Debug|Any CPU
		{8945E865-64EA-4FE4-B885-67334CE4F65D}.Debug|Any CPU.Build.0 = Debug|Any CPU
		{8945E865-64EA-4FE4-B885-67334CE4F65D}.Release|Any CPU.ActiveCfg = Release|Any CPU
		{8945E865-64EA-4FE4-B885-67334CE4F65D}.Release|Any CPU.Build.0 = Release|Any CPU
		{B3C81A7B-D4A1-4F0D-8207-75AD2DA0DFE7}.Debug|Any CPU.ActiveCfg = Debug|Any CPU
		{B3C81A7B-D4A1-4F0D-8207-75AD2DA0DFE7}.Debug|Any CPU.Build.0 = Debug|Any CPU
		{B3C81A7B-D4A1-4F0D-8207-75AD2DA0DFE7}.Release|Any CPU.ActiveCfg = Release|Any CPU
		{B3C81A7B-D4A1-4F0D-8207-75AD2DA0DFE7}.Release|Any CPU.Build.0 = Release|Any CPU
		{03E694FD-F2A5-450E-AE57-E33C2EA7118B}.Debug|Any CPU.ActiveCfg = Debug|Any CPU
		{03E694FD-F2A5-450E-AE57-E33C2EA7118B}.Debug|Any CPU.Build.0 = Debug|Any CPU
		{03E694FD-F2A5-450E-AE57-E33C2EA7118B}.Release|Any CPU.ActiveCfg = Release|Any CPU
		{03E694FD-F2A5-450E-AE57-E33C2EA7118B}.Release|Any CPU.Build.0 = Release|Any CPU
		{E407C35B-97EF-410F-9F8B-FEB3F7A65E23}.Debug|Any CPU.ActiveCfg = Debug|Any CPU
		{E407C35B-97EF-410F-9F8B-FEB3F7A65E23}.Debug|Any CPU.Build.0 = Debug|Any CPU
		{E407C35B-97EF-410F-9F8B-FEB3F7A65E23}.Release|Any CPU.ActiveCfg = Release|Any CPU
		{E407C35B-97EF-410F-9F8B-FEB3F7A65E23}.Release|Any CPU.Build.0 = Release|Any CPU
	EndGlobalSection
	GlobalSection(SolutionProperties) = preSolution
		HideSolutionNode = FALSE
	EndGlobalSection
	GlobalSection(NestedProjects) = preSolution
		{8945E865-64EA-4FE4-B885-67334CE4F65D} = {02EA681E-C7D8-13C7-8484-4AC65E1B71E8}
		{B3C81A7B-D4A1-4F0D-8207-75AD2DA0DFE7} = {02EA681E-C7D8-13C7-8484-4AC65E1B71E8}
		{03E694FD-F2A5-450E-AE57-E33C2EA7118B} = {02EA681E-C7D8-13C7-8484-4AC65E1B71E8}
		{E407C35B-97EF-410F-9F8B-FEB3F7A65E23} = {02EA681E-C7D8-13C7-8484-4AC65E1B71E8}
	EndGlobalSection
	GlobalSection(ExtensibilityGlobals) = postSolution
		SolutionGuid = {1E114CF9-64B6-4C4E-9717-7D04179B0222}
	EndGlobalSection
EndGlobal
